
Microsoft Visual Studio Solution File, Format Version 12.00
# Visual Studio 14
VisualStudioVersion = 14.0.25420.1
MinimumVisualStudioVersion = 10.0.40219.1
Project("{FAE04EC0-301F-11D3-BF4B-00C04F79EFBC}") = "Winforms_exercices", "Winforms_exercices\Winforms_exercices.csproj", "{B2EFBAB7-B9F6-4D0D-9666-7B52167F26AB}"
EndProject
Project("{FAE04EC0-301F-11D3-BF4B-00C04F79EFBC}") = "ADO", "ADO\ADO.csproj", "{7E14EED6-56FD-4ADF-B55F-7F0646C9D18E}"
EndProject
Project("{FAE04EC0-301F-11D3-BF4B-00C04F79EFBC}") = "LinqToXml", "LinqToXml\LinqToXml.csproj", "{7AEE4AE4-E047-4783-AFE8-9E664EDEC738}"
EndProject
Global
	GlobalSection(SolutionConfigurationPlatforms) = preSolution
		Debug|Any CPU = Debug|Any CPU
		Release|Any CPU = Release|Any CPU
	EndGlobalSection
	GlobalSection(ProjectConfigurationPlatforms) = postSolution
		{B2EFBAB7-B9F6-4D0D-9666-7B52167F26AB}.Debug|Any CPU.ActiveCfg = Debug|Any CPU
		{B2EFBAB7-B9F6-4D0D-9666-7B52167F26AB}.Debug|Any CPU.Build.0 = Debug|Any CPU
		{B2EFBAB7-B9F6-4D0D-9666-7B52167F26AB}.Release|Any CPU.ActiveCfg = Release|Any CPU
		{B2EFBAB7-B9F6-4D0D-9666-7B52167F26AB}.Release|Any CPU.Build.0 = Release|Any CPU
		{7E14EED6-56FD-4ADF-B55F-7F0646C9D18E}.Debug|Any CPU.ActiveCfg = Debug|Any CPU
		{7E14EED6-56FD-4ADF-B55F-7F0646C9D18E}.Debug|Any CPU.Build.0 = Debug|Any CPU
		{7E14EED6-56FD-4ADF-B55F-7F0646C9D18E}.Release|Any CPU.ActiveCfg = Release|Any CPU
		{7E14EED6-56FD-4ADF-B55F-7F0646C9D18E}.Release|Any CPU.Build.0 = Release|Any CPU
		{7AEE4AE4-E047-4783-AFE8-9E664EDEC738}.Debug|Any CPU.ActiveCfg = Debug|Any CPU
		{7AEE4AE4-E047-4783-AFE8-9E664EDEC738}.Debug|Any CPU.Build.0 = Debug|Any CPU
		{7AEE4AE4-E047-4783-AFE8-9E664EDEC738}.Release|Any CPU.ActiveCfg = Release|Any CPU
		{7AEE4AE4-E047-4783-AFE8-9E664EDEC738}.Release|Any CPU.Build.0 = Release|Any CPU
	EndGlobalSection
	GlobalSection(SolutionProperties) = preSolution
		HideSolutionNode = FALSE
	EndGlobalSection
EndGlobal
